{
  "version": 2,
  "dependencies": {
    "net11.0": {
      "Microsoft.AspNetCore.Mvc.Testing": {
        "type": "Direct",
        "requested": "[11.0.0-preview.7.26381.103, )",
        "resolved": "11.0.0-preview.7.26381.103",
        "contentHash": "cRU9v+NABq2Wl2mI8PMUHgAuLDm4gsfVeCCCba9ZIOGTiUgMDGL4rzmXymVrgkEmBXYO/iBnzoYcZsqwAmVlqg==",
        "dependencies": {
          "Microsoft.AspNetCore.TestHost": "11.0.0-preview.7.26381.103",
          "Microsoft.Extensions.DependencyModel": "11.0.0-preview.7.26381.103",
          "Microsoft.Extensions.Hosting": "11.0.0-preview.7.26381.103"
        }
      },
      "Microsoft.Testing.Extensions.CodeCoverage": {
        "type": "Direct",
        "requested": "[18.9.0, )",
        "resolved": "18.9.0",
        "contentHash": "Odp8djWEUFTJoRV02y0zJaAwAHF31CtNaDgnKKM+8dBHbbaH7Ee0oo9gweLpbzjI7UrtMUzH6xLJSrICZw+Nwg==",
        "dependencies": {
          "Microsoft.DiaSymReader": "2.2.9",
          "Microsoft.Extensions.DependencyModel": "10.0.8",
          "Microsoft.Testing.Platform": "2.3.0"
        }
      },
      "Microsoft.Testing.Extensions.TrxReport": {
        "type": "Direct",
        "requested": "[2.3.3, )",
        "resolved": "2.3.3",
        "contentHash": "vYBqGSlT94B8d6d4PRdPQ83ogn3kK4kXcnI3SlHBHZu1XsU01IDTMnWoto5v5wXN/Mz4XsVM3Do/sJdGRgH29g==",
        "dependencies": {
          "Microsoft.Testing.Extensions.TrxReport.Abstractions": "2.3.3",
          "Microsoft.Testing.Platform": "2.3.3"
        }
      },
      "MSTest.TestAdapter": {
        "type": "Direct",
        "requested": "[4.3.3, )",
        "resolved": "4.3.3",
        "contentHash": "YxXA1YGqwcZ1UjZXHgeu65AWDR25PQ2lN5N5CYOhxftqOQh/FcgQk0Vz0nfHqLhqOGFI6g9uIfOWqAdobSNKSg==",
        "dependencies": {
          "MSTest.TestFramework": "4.3.3",
          "Microsoft.Testing.Extensions.VSTestBridge": "2.3.3",
          "Microsoft.Testing.Platform.MSBuild": "2.3.3"
        }
      },
      "MSTest.TestFramework": {
        "type": "Direct",
        "requested": "[4.3.3, )",
        "resolved": "4.3.3",
        "contentHash": "Y4OSRh7VKV3nW+/vIqvfJ3sdLWfVJ9G11KpzynFAq3Bh/fpMaXt73v8GfL4mTz6pJ/ix3hcep4iy6qQNXt408w==",
        "dependencies": {
          "MSTest.Analyzers": "4.3.3"
        }
      },
      "Azure.AI.Extensions.OpenAI": {
        "type": "Transitive",
        "resolved": "2.0.0",
        "contentHash": "z1yUaGcNMPEm6jrV0YIa6ASIOkG3OLSDvX+PJkUkN1uv1b0pPIkUElLLppNouauxXjo/C+pW2rNNKdi784B2Pw==",
        "dependencies": {
          "Azure.Core": "1.52.0",
          "OpenAI": "2.9.1"
        }
      },
      "Azure.AI.Projects.Agents": {
        "type": "Transitive",
        "resolved": "2.0.0",
        "contentHash": "Jol7z6/IKelnimA/zA1tk5vY2HxwVMwPjp77SGcPGOnJ6gZkz7l5Q2URzXrKfL4rG14D2qK+n1uD8eVySHZ5gQ==",
        "dependencies": {
          "Azure.Core": "1.52.0",
          "OpenAI": "2.9.1"
        }
      },
      "Azure.Core": {
        "type": "Transitive",
        "resolved": "1.60.0",
        "contentHash": "qCa5DLAq0w14aTl9/bvMZNA/QxPzYj1a4zakrpeudxWd4D4YliRHRfccD3yFECeHkMkvQjMmyWLggb8bzhDVKA==",
        "dependencies": {
          "Microsoft.Bcl.AsyncInterfaces": "10.0.9",
          "Microsoft.Identity.Client": "4.84.2",
          "Microsoft.Identity.Client.Extensions.Msal": "4.84.2",
          "System.ClientModel": "1.14.0",
          "System.Memory.Data": "10.0.9"
        }
      },
      "Azure.Core.Amqp": {
        "type": "Transitive",
        "resolved": "1.3.1",
        "contentHash": "AY1ZM4WwLBb9L2WwQoWs7wS2XKYg83tp3yVVdgySdebGN0FuIszuEqCy3Nhv6qHpbkjx/NGuOTsUbF/oNGBgwA==",
        "dependencies": {
          "Microsoft.Azure.Amqp": "2.6.7",
          "System.Memory.Data": "1.0.2"
        }
      },
      "Azure.Monitor.OpenTelemetry.Exporter": {
        "type": "Transitive",
        "resolved": "1.8.3",
        "contentHash": "hZ35hXxiRuJcT67u970iqqJ+z2ol3Sg23/m1wwNNh8uzK/48uB9iJ3va9PQ7gXn6kij6wzowUe5olPPfObkEug==",
        "dependencies": {
          "Azure.Core": "1.60.0",
          "OpenTelemetry.Extensions.Hosting": "1.15.3",
          "OpenTelemetry.PersistentStorage.FileSystem": "1.0.3"
        }
      },
      "Azure.Security.KeyVault.Certificates": {
        "type": "Transitive",
        "resolved": "4.6.0",
        "contentHash": "e2ATU/n2ZDL/S8A8EdrcfKEvKc2BojCrrSpmM+JKnrSTQS32x/W0Ldu8utk+epLKwXvSJRSWtlgdo7X8hG1mCg==",
        "dependencies": {
          "Azure.Core": "1.37.0"
        }
      },
      "Azure.Security.KeyVault.Secrets": {
        "type": "Transitive",
        "resolved": "4.6.0",
        "contentHash": "vwPceoznuT6glvirZcXlaCQrh1uzTSxpZUi2hRFNumHiS3hVyqIXI5fgWiLtlBzwqPJMTr0flUoSvGKjXXQlfg==",
        "dependencies": {
          "Azure.Core": "1.37.0"
        }
      },
      "Azure.Storage.Blobs": {
        "type": "Transitive",
        "resolved": "12.26.0",
        "contentHash": "EBRSHmI0eNzdufcIS1Rf7Ez9M8V1Jl7pMV4UWDERDMCv513KtAVsgz2ez2FQP9Qnwg7uEQrP+Uc7vBtumlr7sQ==",
        "dependencies": {
          "Azure.Core": "1.47.3",
          "Azure.Storage.Common": "12.25.0"
        }
      },
      "Azure.Storage.Common": {
        "type": "Transitive",
        "resolved": "12.25.0",
        "contentHash": "MHGWp4aLHRo0BdLj25U2qYdYK//Zz21k4bs3SVyNQEmJbBl3qZ8GuOmTSXJ+Zad93HnFXfvD8kyMr0gjA8Ftpw==",
        "dependencies": {
          "Azure.Core": "1.47.3",
          "System.IO.Hashing": "8.0.0"
        }
      },
      "Google.Protobuf": {
        "type": "Transitive",
        "resolved": "3.30.2",
        "contentHash": "Y2aOVLIt75yeeEWigg9V9YnjsEm53sADtLGq0gLhwaXpk3iu8tYSoauolyhenagA2sWno2TQ2WujI0HQd6s1Vw=="
      },
      "Microsoft.Agents.AI.Abstractions": {
        "type": "Transitive",
        "resolved": "1.18.0",
        "contentHash": "kMab7u/cfZ45S5Eqq2MeoIowgHxkx7hXkpCPzv2So4ZUv2EJA5TeOV0e025ZLaNbj4DdW7oiyMJfsMS89QbXhA==",
        "dependencies": {
          "Microsoft.Extensions.AI.Abstractions": "10.7.0"
        }
      },
      "Microsoft.ApplicationInsights": {
        "type": "Transitive",
        "resolved": "2.23.0",
        "contentHash": "nWArUZTdU7iqZLycLKWe0TDms48KKGE6pONH2terYNa8REXiqixrMOkf1sk5DHGMaUTqONU2YkS4SAXBhLStgw=="
      },
      "Microsoft.AspNetCore.Authentication.JwtBearer": {
        "type": "Transitive",
        "resolved": "10.0.0",
        "contentHash": "0BgDfT1GoZnzjJOBwx5vFMK5JtqsTEas9pCEwd1/KKxNUAqFmreN60WeUoF+CsmSd9tOQuqWedvdBo/QqHuNTQ==",
        "dependencies": {
          "Microsoft.IdentityModel.Protocols.OpenIdConnect": "8.0.1"
        }
      },
      "Microsoft.AspNetCore.Authentication.OpenIdConnect": {
        "type": "Transitive",
        "resolved": "10.0.0",
        "contentHash": "6ATONu+5A2oh/vzmoFhf3cuQcclMaWGHrb1kvjVsYtml+gzuWD48MmbsItM4xAUQkJZ2t8XFmbGp8pZLPxKneA==",
        "dependencies": {
          "Microsoft.IdentityModel.Protocols.OpenIdConnect": "8.0.1"
        }
      },
      "Microsoft.AspNetCore.Cryptography.Internal": {
        "type": "Transitive",
        "resolved": "10.0.7",
        "contentHash": "unTeI3bPmzsl5Xo2Irg7jW8osCjo/H2rBT5sTqopUUI0gbLyTYuTjDyxoKjykjS/nS2jUdAKVFWFoGF1s1g4HQ=="
      },
      "Microsoft.AspNetCore.DataProtection": {
        "type": "Transitive",
        "resolved": "10.0.7",
        "contentHash": "ETphwQ9b2gvTK0ET6cYQY77StbIvSmYHZJdsEOf5AY4YNmol5uIncdqLCJzFgE/KEH1ukRdXTkwSC27hNnltOw==",
        "dependencies": {
          "Microsoft.AspNetCore.Cryptography.Internal": "10.0.7",
          "Microsoft.AspNetCore.DataProtection.Abstractions": "10.0.7",
          "System.Security.Cryptography.Xml": "10.0.7"
        }
      },
      "Microsoft.AspNetCore.DataProtection.Abstractions": {
        "type": "Transitive",
        "resolved": "10.0.7",
        "contentHash": "SitkANPwiW0Z2w9bWAFwZ/MxFDDloBkNZCK+SfFJ+/IMUTMvrczBrHmy66+EdQTd2ybRzCm12aKAztQkDGyH6A=="
      },
      "Microsoft.AspNetCore.TestHost": {
        "type": "Transitive",
        "resolved": "11.0.0-preview.7.26381.103",
        "contentHash": "8usklCNNIT5KUaGJ0zdqJGfViAcHHQ1HAIFc92KBDKZMXLuZ8q3oVVCiPafKqZ1AYDkmHtoLr7LEB6ca18urjQ=="
      },
      "Microsoft.AspNetCore.WebUtilities": {
        "type": "Transitive",
        "resolved": "11.0.0-preview.7.26381.103",
        "contentHash": "miWXtwMbxEZQqPhvTBVeXQnftqD2hywfxaMnj53DghkgoMRvI5+oP8zKT9apPFOVjejNRXtBzpvTvaWKAHYyFA==",
        "dependencies": {
          "Microsoft.Net.Http.Headers": "11.0.0-preview.7.26381.103"
        }
      },
      "Microsoft.Azure.Amqp": {
        "type": "Transitive",
        "resolved": "2.7.0",
        "contentHash": "gm/AEakujttMzrDhZ5QpRz3fICVkYDn/oDG9SmxDP+J7R8JDBXYU9WWG7hr6wQy40mY+wjUF0yUGXDPRDRNJwQ=="
      },
      "Microsoft.Azure.Security.KeyGuardAttestation": {
        "type": "Transitive",
        "resolved": "1.1.5",
        "contentHash": "y7WEZy7swyQCQISyVfUDNo8a1sqHiWzaoWoQAkdXxqg3hLNjQI+LEsRQol3idJ665E++doJbiQG6NIiUb5cw0g=="
      },
      "Microsoft.Azure.SignalR.Protocols": {
        "type": "Transitive",
        "resolved": "1.33.1",
        "contentHash": "LrYSu8y0aSrt1r50A40mcNPpOgHbHEKXkp069YvJcdOTj4E7X1ZKHOtBOfNAeu/O03qSkaOw+GACcf+JIhP/1A=="
      },
      "Microsoft.Bcl.AsyncInterfaces": {
        "type": "Transitive",
        "resolved": "10.0.9",
        "contentHash": "Aq7M8lG6BrHeatqKqncVm9m55ec34k6nnfPRLe/PvGg+b/pAsRM2ejofeKmCLjTXMa+5NGXm382f8CG/D5WDow=="
      },
      "Microsoft.Bcl.Cryptography": {
        "type": "Transitive",
        "resolved": "10.0.2",
        "contentHash": "LG9Yll3B5aNpxv0+D47g6LiOiKBIlodhcHdQwcYzo8VeexFLGqx5ymetmA2aBRyo9cCcWsQWrFsdbsr8LvmWDw=="
      },
      "Microsoft.Bcl.HashCode": {
        "type": "Transitive",
        "resolved": "1.1.0",
        "contentHash": "J2G1k+u5unBV+aYcwxo94ip16Rkp65pgWFb0R6zwJipzWNMgvqlWeuI7/+R+e8bob66LnSG+llLJ+z8wI94cHg=="
      },
      "Microsoft.DiaSymReader": {
        "type": "Transitive",
        "resolved": "2.2.9",
        "contentHash": "WLbDc/W9XkHpGVtd1L6Vml8W6+PaaYZZTJASHjHF7W2WX/hld6bfNK102Ui+I3a6zIdx4+oKRJtMgHz44JmBfw=="
      },
      "Microsoft.Extensions.AI": {
        "type": "Transitive",
        "resolved": "10.7.0",
        "contentHash": "r8z4uyPq0kTk4+jH92/hPshf3HNUXKOQ9axJwp57QFz43G45BG4DNYpVE0vuSan1dI69LtWx9ttF0Z2ibnghNg==",
        "dependencies": {
          "Microsoft.Extensions.AI.Abstractions": "10.7.0",
          "System.Numerics.Tensors": "10.0.9"
        }
      },
      "Microsoft.Extensions.AI.Abstractions": {
        "type": "Transitive",
        "resolved": "10.7.0",
        "contentHash": "Lf822igMm8NkTYHZhTp7kjoNYkLLEvJnX3SkG/LVBvsZHC0Y9choogHz8YtITBoy0TOylM3kVUZ6iaHf0my0ug=="
      },
      "Microsoft.Extensions.AI.Evaluation": {
        "type": "Transitive",
        "resolved": "10.7.0",
        "contentHash": "BdbJNfhc/pb3RkD19Sm/XuLK3x5AdU+AB+0HC8Nlu7WZTrVLnA8lpqIx1BB4k+KIKy5ZSH5RVH5HHfT+gwL9yg==",
        "dependencies": {
          "Microsoft.Extensions.AI.Abstractions": "10.7.0"
        }
      },
      "Microsoft.Extensions.AI.OpenAI": {
        "type": "Transitive",
        "resolved": "10.5.1",
        "contentHash": "P+fDTMcZBoRrZQNQi7m3T+26FvglhnoP53p2sT5Nc8w2WQxJDH/mz957UILFT/w8uKSx5EAGLFbMduspCy/7aQ==",
        "dependencies": {
          "Microsoft.Extensions.AI.Abstractions": "10.5.1",
          "OpenAI": "2.10.0"
        }
      },
      "Microsoft.Extensions.Caching.Memory": {
        "type": "Transitive",
        "resolved": "10.0.0",
        "contentHash": "krK19MKp0BNiR9rpBDW7PKSrTMLVlifS9am3CVc4O1Jq6GWz0o4F+sw5OSL4L3mVd56W8l6JRgghUa2KB51vOw=="
      },
      "Microsoft.Extensions.Compliance.Abstractions": {
        "type": "Transitive",
        "resolved": "10.5.0",
        "contentHash": "xbWZji13Vb2jDJNtwVrKpI09jd8x3n3fL+GzhiLK+8O5Wc2A+GyqCZalST2fV46Pf0QfCwkXf83y+3/rDkCd7A==",
        "dependencies": {
          "Microsoft.Extensions.ObjectPool": "10.0.6"
        }
      },
      "Microsoft.Extensions.Configuration": {
        "type": "Transitive",
        "resolved": "11.0.0-preview.7.26381.103",
        "contentHash": "6YIdcM583agiVU/fJ/rANk7p55VDYnPfP46fB48VDJn9LrQ3J7Bib5kAQtCCsrW1IJv9fh7TkoiYYdcVps9F3A=="
      },
      "Microsoft.Extensions.Configuration.Binder": {
        "type": "Transitive",
        "resolved": "11.0.0-preview.7.26381.103",
        "contentHash": "oYFXD1QM7E+sHeFp5e2WiVHU0yrJ72ZA8Z3BONQsNNIhTjCYs1X6NrHGvCUSFre2NRt09cjUQNObwH8fyze4vA==",
        "dependencies": {
          "Microsoft.Extensions.Configuration": "11.0.0-preview.7.26381.103"
        }
      },
      "Microsoft.Extensions.Configuration.CommandLine": {
        "type": "Transitive",
        "resolved": "11.0.0-preview.7.26381.103",
        "contentHash": "D88v+229RFV2IjFlA86LuoFs+gxmeNHpHk6FT24FGBcu5X/OKSaxkC4xUL2t659k4FJf4tfpZMoWcMVpz+XujQ==",
        "dependencies": {
          "Microsoft.Extensions.Configuration": "11.0.0-preview.7.26381.103"
        }
      },
      "Microsoft.Extensions.Configuration.EnvironmentVariables": {
        "type": "Transitive",
        "resolved": "11.0.0-preview.7.26381.103",
        "contentHash": "OV+Z/4ajwARfDCUSrwrKjmBA8kkVM0hslsOSnMmnrGSdc7QQ+OI/zartIQuculEiUJxM048ssrEH3Nw+FxXEXg==",
        "dependencies": {
          "Microsoft.Extensions.Configuration": "11.0.0-preview.7.26381.103"
        }
      },
      "Microsoft.Extensions.Configuration.FileExtensions": {
        "type": "Transitive",
        "resolved": "11.0.0-preview.7.26381.103",
        "contentHash": "qNHpEkxKMcpEdDPCuey/0jKhJUmPbLHsHitf+aoxrAqz9ApvYIf11w8z3xIsydo7qacIrxACuIngVVEqidd3GA==",
        "dependencies": {
          "Microsoft.Extensions.Configuration": "11.0.0-preview.7.26381.103",
          "Microsoft.Extensions.FileProviders.Physical": "11.0.0-preview.7.26381.103"
        }
      },
      "Microsoft.Extensions.Configuration.Json": {
        "type": "Transitive",
        "resolved": "11.0.0-preview.7.26381.103",
        "contentHash": "5VmT0leA8OPv1mPAuNVVdrpb9Vgn+77sq2Ra5VAc9o9dnEGZdfPicltaE5WYm5ygeXuAmofod5bQye1P4P6tNA==",
        "dependencies": {
          "Microsoft.Extensions.Configuration": "11.0.0-preview.7.26381.103",
          "Microsoft.Extensions.Configuration.FileExtensions": "11.0.0-preview.7.26381.103"
        }
      },
      "Microsoft.Extensions.Configuration.UserSecrets": {
        "type": "Transitive",
        "resolved": "11.0.0-preview.7.26381.103",
        "contentHash": "0VsHWHxsTnPU5hTJoAo+SEP7NP69IrgSpEmxdwQMEmHYhm3dc0ocXlOO5gGTFeAt29ixSl8L68jH5kC129WhCg==",
        "dependencies": {
          "Microsoft.Extensions.Configuration.Json": "11.0.0-preview.7.26381.103",
          "Microsoft.Extensions.FileProviders.Physical": "11.0.0-preview.7.26381.103"
        }
      },
      "Microsoft.Extensions.DependencyInjection": {
        "type": "Transitive",
        "resolved": "11.0.0-preview.7.26381.103",
        "contentHash": "IgS1YfEd2i0p/zY8ytcW1zaFR3ivC0M4Ce3JnpZoKpzK9MogNkHb9BZPqYtq0mDuCe2ouirh6058glgPxhwD8g=="
      },
      "Microsoft.Extensions.DependencyModel": {
        "type": "Transitive",
        "resolved": "11.0.0-preview.7.26381.103",
        "contentHash": "/l/YxWgrzRRbBNobU8rhiSF4O8UPHqOvm/wUu6J2SIKKWFw3t1xdPsQ5xeQyUTNRCjzkXuDD9VSIS0ABdSIvkw=="
      },
      "Microsoft.Extensions.Diagnostics": {
        "type": "Transitive",
        "resolved": "11.0.0-preview.7.26381.103",
        "contentHash": "JA9JjYASjlzaDsC248Hkc8HBYfQNwJTAqkAZCqKfqwqRZAiNm2NtFbBwiyxA5Vt0/tGHHXJCw3/aqc/Av8mkTw==",
        "dependencies": {
          "Microsoft.Extensions.Configuration": "11.0.0-preview.7.26381.103",
          "Microsoft.Extensions.Options.ConfigurationExtensions": "11.0.0-preview.7.26381.103"
        }
      },
      "Microsoft.Extensions.FileProviders.Physical": {
        "type": "Transitive",
        "resolved": "11.0.0-preview.7.26381.103",
        "contentHash": "amteaBUpxnZCT1DD6+YneHdSFDt5jGmNe60hDJZC7PbRykBLzZs30//HY9xKkn+Am6r7rxtxboaLSqc7P9hcaA==",
        "dependencies": {
          "Microsoft.Extensions.FileSystemGlobbing": "11.0.0-preview.7.26381.103"
        }
      },
      "Microsoft.Extensions.FileSystemGlobbing": {
        "type": "Transitive",
        "resolved": "11.0.0-preview.7.26381.103",
        "contentHash": "8I3TVOl+hhYRNHT5V4NlZqVK0JjJENbKurLpTBTkfGwWH8kTXFDPvlDuFw2JQvxs4MZSNa0By59LYlPXNKdF8w=="
      },
      "Microsoft.Extensions.Hosting": {
        "type": "Transitive",
        "resolved": "11.0.0-preview.7.26381.103",
        "contentHash": "6J3tbPuk1V0qQJhE28EBneSuEuhUHb9R0cOxkU/zFO4djhFJzP9OpUOmOowjepHAAnOCCkKTI1EKLQc91x0y4A==",
        "dependencies": {
          "Microsoft.Extensions.Configuration": "11.0.0-preview.7.26381.103",
          "Microsoft.Extensions.Configuration.Binder": "11.0.0-preview.7.26381.103",
          "Microsoft.Extensions.Configuration.CommandLine": "11.0.0-preview.7.26381.103",
          "Microsoft.Extensions.Configuration.EnvironmentVariables": "11.0.0-preview.7.26381.103",
          "Microsoft.Extensions.Configuration.FileExtensions": "11.0.0-preview.7.26381.103",
          "Microsoft.Extensions.Configuration.Json": "11.0.0-preview.7.26381.103",
          "Microsoft.Extensions.Configuration.UserSecrets": "11.0.0-preview.7.26381.103",
          "Microsoft.Extensions.DependencyInjection": "11.0.0-preview.7.26381.103",
          "Microsoft.Extensions.Diagnostics": "11.0.0-preview.7.26381.103",
          "Microsoft.Extensions.FileProviders.Physical": "11.0.0-preview.7.26381.103",
          "Microsoft.Extensions.Logging": "11.0.0-preview.7.26381.103",
          "Microsoft.Extensions.Logging.Configuration": "11.0.0-preview.7.26381.103",
          "Microsoft.Extensions.Logging.Console": "11.0.0-preview.7.26381.103",
          "Microsoft.Extensions.Logging.Debug": "11.0.0-preview.7.26381.103",
          "Microsoft.Extensions.Logging.EventLog": "11.0.0-preview.7.26381.103",
          "Microsoft.Extensions.Logging.EventSource": "11.0.0-preview.7.26381.103"
        }
      },
      "Microsoft.Extensions.Http": {
        "type": "Transitive",
        "resolved": "2.1.0",
        "contentHash": "vkSkGa1UIZVlAd18oDhrtoawN/q7fDemJcVpT9+28mP7bP0I8zKLSLRwqF++GmPs/7e0Aqlo6jpZm3P7YYS0ag==",
        "dependencies": {
          "Microsoft.Extensions.Logging": "2.1.0"
        }
      },
      "Microsoft.Extensions.Logging": {
        "type": "Transitive",
        "resolved": "11.0.0-preview.7.26381.103",
        "contentHash": "VoYsG/1Gt7kpSeno7eUrnLKfusYZf9L8qSnYtMNh1ClwXKIfKU6+g+Lq23VeanJP2ieQyPBH0xtSzay8J7r9lQ==",
        "dependencies": {
          "Microsoft.Extensions.DependencyInjection": "11.0.0-preview.7.26381.103"
        }
      },
      "Microsoft.Extensions.Logging.Configuration": {
        "type": "Transitive",
        "resolved": "11.0.0-preview.7.26381.103",
        "contentHash": "hYlSMWRO58sNGeTwKOJ5j+UVnFfJ6RdPDPlUojPismc8675GUXtiQ5hjUgJbcX1UteeECiexnNJDJlEkwYS0rA==",
        "dependencies": {
          "Microsoft.Extensions.Configuration": "11.0.0-preview.7.26381.103",
          "Microsoft.Extensions.Configuration.Binder": "11.0.0-preview.7.26381.103",
          "Microsoft.Extensions.Logging": "11.0.0-preview.7.26381.103",
          "Microsoft.Extensions.Options.ConfigurationExtensions": "11.0.0-preview.7.26381.103"
        }
      },
      "Microsoft.Extensions.Logging.Console": {
        "type": "Transitive",
        "resolved": "11.0.0-preview.7.26381.103",
        "contentHash": "jrKYz0uaX169WPvCJHb6wxUlNWUFCE5atLMCYTmA01qYoT7cOcPlo5xXwKGLMqxe6EvkewaxIx2su/ak6HailQ==",
        "dependencies": {
          "Microsoft.Extensions.Logging": "11.0.0-preview.7.26381.103",
          "Microsoft.Extensions.Logging.Configuration": "11.0.0-preview.7.26381.103"
        }
      },
      "Microsoft.Extensions.Logging.Debug": {
        "type": "Transitive",
        "resolved": "11.0.0-preview.7.26381.103",
        "contentHash": "V23x5mc8Aqm53ScM/q2asxR/ayNesYIYDoDlBUcE1cZRF0bAOcGdDgWI3GLD2RVDQtFqPLKvvAFLZlt62J2P3Q==",
        "dependencies": {
          "Microsoft.Extensions.Logging": "11.0.0-preview.7.26381.103"
        }
      },
      "Microsoft.Extensions.Logging.EventLog": {
        "type": "Transitive",
        "resolved": "11.0.0-preview.7.26381.103",
        "contentHash": "fzeZXVZF7STYbm35mqTLKoFUa9LpkEDxYVLNgFxXYhlCpOQ1LI4N4DI1dcMZKRjiSU3vXACXXXAxg+TIHMPIWQ==",
        "dependencies": {
          "Microsoft.Extensions.Logging": "11.0.0-preview.7.26381.103",
          "Microsoft.Extensions.Logging.Configuration": "11.0.0-preview.7.26381.103",
          "System.Diagnostics.EventLog": "11.0.0-preview.7.26381.103"
        }
      },
      "Microsoft.Extensions.Logging.EventSource": {
        "type": "Transitive",
        "resolved": "11.0.0-preview.7.26381.103",
        "contentHash": "vpMaU3IW5E2BfDZPcIHVEbWxSehipe5UFEZB2yVGc6Hb4sc5hJ+2IcUD1kjxjrQ2zAPgZjOg/o6dGo55WIGy7Q==",
        "dependencies": {
          "Microsoft.Extensions.Logging": "11.0.0-preview.7.26381.103"
        }
      },
      "Microsoft.Extensions.ObjectPool": {
        "type": "Transitive",
        "resolved": "10.0.6",
        "contentHash": "2Jafd4fdxxiwiQ08mcF+Lf3vqikkQZusGVThOKZNSmPDceGk4IwkjeHL7OEb9Ov8q9ICY5wofL98CS153K5VvQ=="
      },
      "Microsoft.Extensions.Options.ConfigurationExtensions": {
        "type": "Transitive",
        "resolved": "11.0.0-preview.7.26381.103",
        "contentHash": "nkheyD5iwoPvfUFOQMrGhNA5GAjP39OsMGRyUyiSxQ6hx4Rod8FDcGo7wgU5HAONzJOqXIr+cNZgrPRRF0ChAA==",
        "dependencies": {
          "Microsoft.Extensions.Configuration.Binder": "11.0.0-preview.7.26381.103"
        }
      },
      "Microsoft.Extensions.VectorData.Abstractions": {
        "type": "Transitive",
        "resolved": "10.7.0",
        "contentHash": "eh0JLxoztc9Wz7TrFVRQyotMY9CBh2t22lMPvzy61yaBDDFBsrisrFOD4NId2z/ujwsHVKDtyfDb9tkXwSV5Vw==",
        "dependencies": {
          "Microsoft.Extensions.AI.Abstractions": "10.7.0"
        }
      },
      "Microsoft.Identity.Abstractions": {
        "type": "Transitive",
        "resolved": "12.6.0",
        "contentHash": "RCRbDYn7VmCYB/7KnOQ3X2KRlbF51dWQHQ91sOxyEDL1OQcOW/NAs7as+NLN91xhqAk1wAvhkukUIqvWC6NHoA=="
      },
      "Microsoft.Identity.Client": {
        "type": "Transitive",
        "resolved": "4.87.0",
        "contentHash": "ERObBpS3b6kc92D/Z86zSd/MpWvdJu97BNamRzg5V4y59KwnxzfhM762tgiNnKoIwTbnIBOcwGPFGQ4DvShLvw==",
        "dependencies": {
          "Microsoft.IdentityModel.Abstractions": "8.14.0"
        }
      },
      "Microsoft.Identity.Client.Extensions.Msal": {
        "type": "Transitive",
        "resolved": "4.84.2",
        "contentHash": "+D98LaU3dOu/Nzs6kgbBJapMvH7iwYcAeC99XwSkpmEadsPv6rozecOl9P6m4A3RfpOuPt9e6J6TwwUUp3+M4w==",
        "dependencies": {
          "Microsoft.Identity.Client": "4.84.2",
          "System.Security.Cryptography.ProtectedData": "4.5.0"
        }
      },
      "Microsoft.Identity.Client.KeyAttestation": {
        "type": "Transitive",
        "resolved": "4.87.0",
        "contentHash": "IPTA9xPrDDtOkRPZP1VQBUMYUG6n5IAOOazgsWriveKglyX5gxOhbvCs6Zyr1jKtptNfVwBZr7yuSHQ5S5Pkog==",
        "dependencies": {
          "Microsoft.Azure.Security.KeyGuardAttestation": "1.1.5",
          "Microsoft.Identity.Client": "4.87.0"
        }
      },
      "Microsoft.Identity.Web.Certificate": {
        "type": "Transitive",
        "resolved": "4.14.2",
        "contentHash": "/RLN8gwoxb0i+EHsc09F9tvcB15si0MLuZFtzSfLyIfXr82GKlQBoj8u1xp87CmSKHx3z9LBcpvVvjyBrjEBlA==",
        "dependencies": {
          "Azure.Identity": "1.17.2",
          "Azure.Security.KeyVault.Certificates": "4.6.0",
          "Azure.Security.KeyVault.Secrets": "4.6.0",
          "Microsoft.Identity.Abstractions": "12.6.0",
          "Microsoft.Identity.Web.Certificateless": "4.14.2",
          "Microsoft.Identity.Web.Diagnostics": "4.14.2"
        }
      },
      "Microsoft.Identity.Web.Certificateless": {
        "type": "Transitive",
        "resolved": "4.14.2",
        "contentHash": "u51Hf5fzRgr5sndpNySIetV2kwK9C1WphRWGfLoJVk4iQ6fFhPFoMlpfnQjmLkHgBvj969c/oAibphcVGoMDJw==",
        "dependencies": {
          "Microsoft.Identity.Client": "4.87.0",
          "Microsoft.Identity.Client.KeyAttestation": "4.87.0",
          "Microsoft.IdentityModel.JsonWebTokens": "8.22.0",
          "Microsoft.IdentityModel.LoggingExtensions": "8.22.0"
        }
      },
      "Microsoft.Identity.Web.Diagnostics": {
        "type": "Transitive",
        "resolved": "4.14.2",
        "contentHash": "d+oT25MzEHHQkQ1JwGJaNXR3gV3qbNej2MHI6ukIpk/zNa21BDKyq1tJSdA/hIHKtUTligWIFcIUrVqj70cxuw=="
      },
      "Microsoft.Identity.Web.TokenAcquisition": {
        "type": "Transitive",
        "resolved": "4.14.2",
        "contentHash": "cqwAj1mPGYrRu/OQ/SkdhX3ZYNKuWOp9vI2AaccM5VkgztpOsofhStlc+blG9GA1H7PLhKf7fP+e8NV0STyZvA==",
        "dependencies": {
          "Microsoft.AspNetCore.Authentication.JwtBearer": "10.0.0",
          "Microsoft.AspNetCore.Authentication.OpenIdConnect": "10.0.0",
          "Microsoft.Extensions.Options.ConfigurationExtensions": "10.0.0",
          "Microsoft.Identity.Abstractions": "12.6.0",
          "Microsoft.Identity.Web.Certificate": "4.14.2",
          "Microsoft.Identity.Web.Certificateless": "4.14.2",
          "Microsoft.Identity.Web.TokenCache": "4.14.2",
          "Microsoft.IdentityModel.Logging": "8.22.0",
          "Microsoft.IdentityModel.LoggingExtensions": "8.22.0",
          "Microsoft.IdentityModel.Protocols.OpenIdConnect": "8.22.0",
          "System.IdentityModel.Tokens.Jwt": "8.22.0"
        }
      },
      "Microsoft.Identity.Web.TokenCache": {
        "type": "Transitive",
        "resolved": "4.14.2",
        "contentHash": "7F94VyWKzKbkHuvUW/YnFN4z9+A9IV0f2NhsEWM+CIEFsx91ZYk9dlj3fn/k+2yztGl5r7/ETFX9BpJvUD3SMA==",
        "dependencies": {
          "Microsoft.AspNetCore.DataProtection": "10.0.7",
          "Microsoft.Extensions.Caching.Memory": "10.0.0",
          "Microsoft.Extensions.Logging": "10.0.0",
          "Microsoft.Identity.Client": "4.87.0",
          "Microsoft.Identity.Web.Diagnostics": "4.14.2",
          "System.Security.Cryptography.Pkcs": "10.0.10",
          "System.Security.Cryptography.Xml": "10.0.10"
        }
      },
      "Microsoft.IdentityModel.Abstractions": {
        "type": "Transitive",
        "resolved": "8.22.0",
        "contentHash": "LU3V3owsu4vGpCg2kyL7SsQEuHwcoJ8FSNBqzLADzCf3/PcKUTcx5Plsd51DoTJMfK/WigXV/03UhaN5JXE6uQ=="
      },
      "Microsoft.IdentityModel.JsonWebTokens": {
        "type": "Transitive",
        "resolved": "8.22.0",
        "contentHash": "kv6peMLjALZLDAy2H3F77KjVRdwiscn2p/g3ui2chcbuEcAX2MpAbyDcYnJ7Vyh8jZ1aJWrniUMCDWoOgnu4NQ==",
        "dependencies": {
          "Microsoft.IdentityModel.Tokens": "8.22.0"
        }
      },
      "Microsoft.IdentityModel.Logging": {
        "type": "Transitive",
        "resolved": "8.22.0",
        "contentHash": "G9Tl0yXSlr2pkXv4EpXjO16M4q6oo9N/od+gNyOusZ8yM8LZg1H3f/QOMFuOJiV6znzY5MkAREU97JRRnqpEQw==",
        "dependencies": {
          "Microsoft.IdentityModel.Abstractions": "8.22.0"
        }
      },
      "Microsoft.IdentityModel.LoggingExtensions": {
        "type": "Transitive",
        "resolved": "8.22.0",
        "contentHash": "2z2lb8jbkEe3iNwXqVflzLPv8pUw/QJGKrcRqeUeIKwjx2o/SxLNl5/XLDeASH1oq4VnoxxKdHivKrmmog4HtQ==",
        "dependencies": {
          "Microsoft.IdentityModel.Abstractions": "8.22.0"
        }
      },
      "Microsoft.IdentityModel.Protocols": {
        "type": "Transitive",
        "resolved": "8.22.0",
        "contentHash": "q7VTnFzKHOUy1L7M6FOTD0nUboDobJIPb+Sl13bQ4O0lYtpTJ9wemcuZaDYOmT/3ZKyUUCFuFjt5UReYC2dlQA==",
        "dependencies": {
          "Microsoft.IdentityModel.Tokens": "8.22.0"
        }
      },
      "Microsoft.IdentityModel.Protocols.OpenIdConnect": {
        "type": "Transitive",
        "resolved": "8.22.0",
        "contentHash": "RAStsQi0eIj2gcA6G1lVx2H39v9eCJty9bLymx4oeLzmEISxfa6MxTaZkbsp+Plccz0Uiv8r7efiaG10i3WHkg==",
        "dependencies": {
          "Microsoft.IdentityModel.Protocols": "8.22.0",
          "System.IdentityModel.Tokens.Jwt": "8.22.0"
        }
      },
      "Microsoft.IdentityModel.Tokens": {
        "type": "Transitive",
        "resolved": "8.22.0",
        "contentHash": "i4lywKKUuVmheCUA+w/q8QNPReNI0qanHI9hhz48AFqD1ljyb8sxPL2RbXOGiPV13XdJ4kxieL9ukS7tD43LxA==",
        "dependencies": {
          "Microsoft.Bcl.Cryptography": "10.0.2",
          "Microsoft.IdentityModel.Logging": "8.22.0"
        }
      },
      "Microsoft.IdentityModel.Validators": {
        "type": "Transitive",
        "resolved": "8.22.0",
        "contentHash": "8lMJuI0r46dVa648IUAUVXRc6ioGdvGB8zD+S+9DWHrXYdK1SWae9TsMWYwWeRJEZBErwZgVlPrzxDk71VYiZA==",
        "dependencies": {
          "Microsoft.IdentityModel.Protocols": "8.22.0",
          "Microsoft.IdentityModel.Protocols.OpenIdConnect": "8.22.0",
          "Microsoft.IdentityModel.Tokens": "8.22.0",
          "System.IdentityModel.Tokens.Jwt": "8.22.0"
        }
      },
      "Microsoft.ML.Tokenizers": {
        "type": "Transitive",
        "resolved": "2.0.0",
        "contentHash": "+b8lT4cLLO/sBR2hjvE/qG6qrZG15h7/PBvnIrzTh4xDaAxdHUY6449rC+1pHzQUsBiCHZVbj+VMn+xS0sL7TA==",
        "dependencies": {
          "Google.Protobuf": "3.30.2"
        }
      },
      "Microsoft.Net.Http.Headers": {
        "type": "Transitive",
        "resolved": "11.0.0-preview.7.26381.103",
        "contentHash": "INgBe24RXC7NXZ36mLwykZafRH3YwH+su4YXzT5uZjAKCskgyMQrGlQqA4Nic2dhG6kEqht+y23VlKeL9axHkQ=="
      },
      "Microsoft.Testing.Extensions.Telemetry": {
        "type": "Transitive",
        "resolved": "2.3.3",
        "contentHash": "nY8ceQyPWB9TRE1WE5Oe/sks2e10SxgPv61vBHsFYpgCeDtNwhpMZwmL29GklO3/etTdOsLdrCmNr4zJWaR2fg==",
        "dependencies": {
          "Microsoft.ApplicationInsights": "2.23.0",
          "Microsoft.Testing.Platform": "2.3.3"
        }
      },
      "Microsoft.Testing.Extensions.TrxReport.Abstractions": {
        "type": "Transitive",
        "resolved": "2.3.3",
        "contentHash": "dceVNxnfTEjKnrIreLcMfkgrzzBY8kgCCJX5NAv7Lq/6vPlTP4VB5zxKeuYy0yfCoBtWuPkLjUG6qtOBMfpypA==",
        "dependencies": {
          "Microsoft.Testing.Platform": "2.3.3"
        }
      },
      "Microsoft.Testing.Extensions.VSTestBridge": {
        "type": "Transitive",
        "resolved": "2.3.3",
        "contentHash": "JLovZjH6K10YiHO/BcidsaSHo/M2DfOe9FDjxjFdV6aoHO6VYTTYlLBNcyLJSo20q5gDTmNvmxYVH39A942aJA==",
        "dependencies": {
          "Microsoft.TestPlatform.ObjectModel": "18.4.0",
          "Microsoft.Testing.Extensions.Telemetry": "2.3.3",
          "Microsoft.Testing.Extensions.TrxReport.Abstractions": "2.3.3",
          "Microsoft.Testing.Platform": "2.3.3"
        }
      },
      "Microsoft.Testing.Platform": {
        "type": "Transitive",
        "resolved": "2.3.3",
        "contentHash": "ENbH4BQh9riXtOKc25KKITfiGGWhWMBJA7pZuNaF9zxzzSaVkp5AMeZxGQ6sXYaR6xb724NLz985Is6XIYqLSg=="
      },
      "Microsoft.Testing.Platform.MSBuild": {
        "type": "Transitive",
        "resolved": "2.3.3",
        "contentHash": "iVAvNbZ5JPDZSrTcIrCDoCsAkzjDxwDEt2mDuMd8ng1P6e2P2NCd0g0BsoBVG+nJLSmK//V+yeEvjCa3E2fxHw==",
        "dependencies": {
          "Microsoft.Testing.Platform": "2.3.3"
        }
      },
      "Microsoft.TestPlatform.ObjectModel": {
        "type": "Transitive",
        "resolved": "18.4.0",
        "contentHash": "4L6m2kS2pY5uJ9cpeRxzW22opr6ttScIRqsOpMDQpgENp/ZwxkkQCcmc6LRSURo2dFaaSW5KVflQZvroiJ7Wzg=="
      },
      "Microsoft.Win32.SystemEvents": {
        "type": "Transitive",
        "resolved": "6.0.0",
        "contentHash": "hqTM5628jSsQiv+HGpiq3WKBl2c8v1KZfby2J6Pr7pEPlK9waPdgEO6b8A/+/xn/yZ9ulv8HuqK71ONy2tg67A=="
      },
      "MSTest.Analyzers": {
        "type": "Transitive",
        "resolved": "4.3.3",
        "contentHash": "cTcdSPIZ8WvchbC5DFmfHxrvVNZCtops+2W94le+Q+mx110Y9L9mqNVVc9flF35lFeL5GsY+rxGBylsjDk4+zg=="
      },
      "OpenAI": {
        "type": "Transitive",
        "resolved": "2.10.0",
        "contentHash": "e5gAhMDcX5bFmmtR+lT6qZxJoaGb0SkIplPUUdKwcC4xerCh471hTIsrvfkou7scfZD9YQk6C06dP3NwBqHw1A==",
        "dependencies": {
          "System.ClientModel": "1.10.0"
        }
      },
      "OpenTelemetry": {
        "type": "Transitive",
        "resolved": "1.15.3",
        "contentHash": "N0i6WjPoHPbZyms1ugbDIFAJFuGlpeExJMU/+XSL0lQRUkg/D0utFkDoLXf8Z1km5B+xVZ2GyMXXiX8qdeNmPg==",
        "dependencies": {
          "Microsoft.Extensions.Logging.Configuration": "10.0.0",
          "OpenTelemetry.Api.ProviderBuilderExtensions": "1.15.3"
        }
      },
      "OpenTelemetry.Api": {
        "type": "Transitive",
        "resolved": "1.15.3",
        "contentHash": "fX+fkCysfPut+qCcT3bKqyX4QN9Saf4CgX8HLOHywEVD+Xr7sULtfuypITpoDysjx8R59dn/3mWhgimMH8cm/g=="
      },
      "OpenTelemetry.Api.ProviderBuilderExtensions": {
        "type": "Transitive",
        "resolved": "1.15.3",
        "contentHash": "SYn0lqYDwLMWhv/zlNGsQcl2yX++yTumanX46bmOZE/ZDOd1WjPBO2kZaZgKLEZTZk48pavIFGJ6vOvxXgWVFQ==",
        "dependencies": {
          "OpenTelemetry.Api": "1.15.3"
        }
      },
      "OpenTelemetry.Extensions.Hosting": {
        "type": "Transitive",
        "resolved": "1.15.3",
        "contentHash": "u8n/W8yIlqv0BXZmvId1iVaeWXG42tGKdTkuLYg5g57Y/r9CeUNzqtrSHNdG5IoO8iPX79w3v+WsbAHgUQbfeg==",
        "dependencies": {
          "OpenTelemetry": "1.15.3"
        }
      },
      "OpenTelemetry.Instrumentation.AspNetCore": {
        "type": "Transitive",
        "resolved": "1.15.2",
        "contentHash": "2nPd7r0ug/gd6/CNFL6Rlu+RSQ9WYGSGHAYQ1ssbSqyzKJpqTunfx2I/1O0WB5k+L0cyXbG4XVZpoSoUc3M7wg==",
        "dependencies": {
          "OpenTelemetry.Api.ProviderBuilderExtensions": "[1.15.3, 2.0.0)"
        }
      },
      "OpenTelemetry.Instrumentation.Http": {
        "type": "Transitive",
        "resolved": "1.15.1",
        "contentHash": "vFO4Fj/dXkoVNGo/nhoGpO2zYQmZwr4jTID7oRGo+XlQ8LqksyZjUXQ4p39RfUvTID7IzzL8Qe71tW7CcAFymA==",
        "dependencies": {
          "Microsoft.Extensions.Configuration": "10.0.0",
          "OpenTelemetry.Api.ProviderBuilderExtensions": "[1.15.3, 2.0.0)"
        }
      },
      "OpenTelemetry.PersistentStorage.Abstractions": {
        "type": "Transitive",
        "resolved": "1.0.3",
        "contentHash": "7nSE1uLY0KOHRssg1xQydDZJ/s9zECOzFT/gSDIp1KTxbgd1yziuMTsdBKZ/N1BbpUxfH6Pjq5OMd7lYogwReA=="
      },
      "OpenTelemetry.PersistentStorage.FileSystem": {
        "type": "Transitive",
        "resolved": "1.0.3",
        "contentHash": "3k+yCroJcGBtZIia+0LgzMlBuD0U95BzcWNEGWedusBaRAD8EmkaCPAUwaCtFbb/Mg7HywbIG2zuenANPYFJ0g==",
        "dependencies": {
          "OpenTelemetry.PersistentStorage.Abstractions": "1.0.3"
        }
      },
      "System.ClientModel": {
        "type": "Transitive",
        "resolved": "1.14.0",
        "contentHash": "yhIJHDW3Hh5kcvhHv3ww1T8qvya06Nlwo/SR/rke4/fHXtyKiqQV/9b/VDhnVI7QUcMnpfvh4pIEFhNsTDLeKQ==",
        "dependencies": {
          "System.Memory.Data": "10.0.3"
        }
      },
      "System.Configuration.ConfigurationManager": {
        "type": "Transitive",
        "resolved": "6.0.0",
        "contentHash": "7T+m0kDSlIPTHIkPMIu6m6tV6qsMqJpvQWW2jIc2qi7sn40qxFo0q+7mEQAhMPXZHMKnWrnv47ntGlM/ejvw3g==",
        "dependencies": {
          "System.Security.Cryptography.ProtectedData": "6.0.0",
          "System.Security.Permissions": "6.0.0"
        }
      },
      "System.Diagnostics.EventLog": {
        "type": "Transitive",
        "resolved": "11.0.0-preview.7.26381.103",
        "contentHash": "iwOUmD2vdMAFlqb3uZoZZUpQCwtYUpcD3JTig1gUQbCrvJWY0uyGITnyRVQBBbH5xRgRNgxZCLmWdqU39LjAGA=="
      },
      "System.Drawing.Common": {
        "type": "Transitive",
        "resolved": "6.0.0",
        "contentHash": "NfuoKUiP2nUWwKZN6twGqXioIe1zVD0RIj2t976A+czLHr2nY454RwwXs6JU9Htc6mwqL6Dn/nEL3dpVf2jOhg==",
        "dependencies": {
          "Microsoft.Win32.SystemEvents": "6.0.0"
        }
      },
      "System.IdentityModel.Tokens.Jwt": {
        "type": "Transitive",
        "resolved": "8.22.0",
        "contentHash": "CpXGfNhLl6EgYaOC9XYsc1p7Ci9HtAy0soHJDSBNGse647al4tTq9RDr+LQsrF4Ls79Dx7VfzN34km0W4DWPow==",
        "dependencies": {
          "Microsoft.IdentityModel.JsonWebTokens": "8.22.0",
          "Microsoft.IdentityModel.Tokens": "8.22.0"
        }
      },
      "System.IO.Hashing": {
        "type": "Transitive",
        "resolved": "8.0.0",
        "contentHash": "ne1843evDugl0md7Fjzy6QjJrzsjh46ZKbhf8GwBXb5f/gw97J4bxMs0NQKifDuThh/f0bZ0e62NPl1jzTuRqA=="
      },
      "System.Memory.Data": {
        "type": "Transitive",
        "resolved": "10.0.9",
        "contentHash": "YweovHiLUoEdbr2Xv8eRqCSkTu1vMms4a6xBHaQiMSFVy32PL+hXv6Vhol2NWOmLHjaVgTyhJ3R52U6JxS6w3Q=="
      },
      "System.Numerics.Tensors": {
        "type": "Transitive",
        "resolved": "10.0.9",
        "contentHash": "Rb71S3gggYVwEce9ugNw91vbr4vC4gThtx/imSJtLBW3AupEKujJPPQL6xF9q0DcNm6+z7hnYk7XqXaUpA4wDg=="
      },
      "System.Security.Cryptography.Pkcs": {
        "type": "Transitive",
        "resolved": "10.0.10",
        "contentHash": "KG8t5RHczdgB3IWvRndpI0nE1DSo7ikDYSDbITxfgRFyIvnYiKzuPjaZOsPnwFQ1aOGUl9sEulJul9wlHLEUoA=="
      },
      "System.Security.Cryptography.ProtectedData": {
        "type": "Transitive",
        "resolved": "6.0.0",
        "contentHash": "rp1gMNEZpvx9vP0JW0oHLxlf8oSiQgtno77Y4PLUBjSiDYoD77Y8uXHr1Ea5XG4/pIKhqAdxZ8v8OTUtqo9PeQ=="
      },
      "System.Security.Cryptography.Xml": {
        "type": "Transitive",
        "resolved": "10.0.10",
        "contentHash": "Mz6Y+s+uMQKj1H2BUF0OhlmaOQkLgSG34/IrUaBDirYBQ6bgwcFvO/XtXWcoDlBLFoFB0uKqDNhybHOd+fQK1A==",
        "dependencies": {
          "System.Security.Cryptography.Pkcs": "10.0.10"
        }
      },
      "System.Security.Permissions": {
        "type": "Transitive",
        "resolved": "6.0.0",
        "contentHash": "T/uuc7AklkDoxmcJ7LGkyX1CcSviZuLCa4jg3PekfJ7SU0niF0IVTXwUiNVP9DSpzou2PpxJ+eNY2IfDM90ZCg==",
        "dependencies": {
          "System.Windows.Extensions": "6.0.0"
        }
      },
      "System.Windows.Extensions": {
        "type": "Transitive",
        "resolved": "6.0.0",
        "contentHash": "IXoJOXIqc39AIe+CIR7koBtRGMiCt/LPM3lI+PELtDIy9XdyeSrwXFdWV9dzJ2Awl0paLWUaknLxFQ5HpHZUog==",
        "dependencies": {
          "System.Drawing.Common": "6.0.0"
        }
      },
      "opportunityengineering.api": {
        "type": "Project",
        "dependencies": {
          "Azure.Monitor.OpenTelemetry.AspNetCore": "[1.6.0, )",
          "Microsoft.AspNetCore.OpenApi": "[11.0.0-preview.7.26381.103, )",
          "Microsoft.Azure.SignalR": "[1.33.1, )",
          "Microsoft.Identity.Web": "[4.14.2, )",
          "Microsoft.OpenApi": "[3.10.0, )",
          "OpportunityEngineering.Application": "[1.0.0, )",
          "OpportunityEngineering.Infrastructure": "[1.0.0, )"
        }
      },
      "opportunityengineering.application": {
        "type": "Project",
        "dependencies": {
          "Microsoft.Agents.AI.Workflows": "[1.18.0, )",
          "Newtonsoft.Json": "[13.0.4, )",
          "OpportunityEngineering.Domain": "[1.0.0, )"
        }
      },
      "opportunityengineering.domain": {
        "type": "Project"
      },
      "opportunityengineering.infrastructure": {
        "type": "Project",
        "dependencies": {
          "Azure.AI.Projects": "[2.0.1, )",
          "Azure.Identity": "[1.21.0, )",
          "Azure.Messaging.ServiceBus": "[7.20.2, )",
          "Microsoft.Agents.AI": "[1.18.0, )",
          "Microsoft.Agents.AI.Foundry": "[1.5.0, )",
          "Microsoft.Azure.Cosmos": "[3.62.1, )",
          "Newtonsoft.Json": "[13.0.4, )",
          "OpportunityEngineering.Application": "[1.0.0, )",
          "OpportunityEngineering.Domain": "[1.0.0, )"
        }
      },
      "Azure.AI.Projects": {
        "type": "CentralTransitive",
        "requested": "[2.0.1, )",
        "resolved": "2.0.1",
        "contentHash": "kyNrCOgh3+bFKyPweD9sT2uQkUfjM6G9i/kbic/+eETauCABM4yRF4WuKnOCLAr0a9RaCQ8gveOGlpTT0DmWyw==",
        "dependencies": {
          "Azure.AI.Extensions.OpenAI": "2.0.0",
          "Azure.AI.Projects.Agents": "2.0.0",
          "Azure.Core": "1.53.0",
          "Azure.Storage.Blobs": "12.26.0"
        }
      },
      "Azure.Identity": {
        "type": "CentralTransitive",
        "requested": "[1.21.0, )",
        "resolved": "1.21.0",
        "contentHash": "GeFv8sGwRKvDKwI2WFy8r0mhmlxEVZg24Sit2NogTjiSO8RVjllWM65OT6e1sKjOvG8V74y7hAbaELUUPjZQSw==",
        "dependencies": {
          "Azure.Core": "1.53.0"
        }
      },
      "Azure.Messaging.ServiceBus": {
        "type": "CentralTransitive",
        "requested": "[7.20.2, )",
        "resolved": "7.20.2",
        "contentHash": "mwr5c3Qs7FWUtwzlLOtVixYDpUuA+Ln7sNirljTHZR8kDhzdr2grlqx0RRBvGV+IDCRHt1jIRb+hi0MUzjeVmw==",
        "dependencies": {
          "Azure.Core": "1.60.0",
          "Azure.Core.Amqp": "1.3.1",
          "Microsoft.Azure.Amqp": "2.7.0"
        }
      },
      "Azure.Monitor.OpenTelemetry.AspNetCore": {
        "type": "CentralTransitive",
        "requested": "[1.6.0, )",
        "resolved": "1.6.0",
        "contentHash": "9H0JgEl5yVdpOz+GqPBL5Qtfw0k/gAQ9iD8L+W9ucrxwMG/CMwdAg4mWdLWKUvW56iDCQ8PAHVVCxC4Hg5l1AA==",
        "dependencies": {
          "Azure.Core": "1.60.0",
          "Azure.Monitor.OpenTelemetry.Exporter": "1.8.3",
          "OpenTelemetry.Extensions.Hosting": "1.15.3",
          "OpenTelemetry.Instrumentation.AspNetCore": "1.15.2",
          "OpenTelemetry.Instrumentation.Http": "1.15.1"
        }
      },
      "Microsoft.Agents.AI": {
        "type": "CentralTransitive",
        "requested": "[1.18.0, )",
        "resolved": "1.18.0",
        "contentHash": "jj65gSDbHgUNbIuUSxXpE229EHkY7J2gq8Y8Jfqb+knWbX7ZmfGaRS8uiOV17Zc1Q3k+yMBeXgOpw5ttkTmknA==",
        "dependencies": {
          "Microsoft.Agents.AI.Abstractions": "1.18.0",
          "Microsoft.Extensions.AI": "10.7.0",
          "Microsoft.Extensions.AI.Abstractions": "10.7.0",
          "Microsoft.Extensions.AI.Evaluation": "10.7.0",
          "Microsoft.Extensions.Compliance.Abstractions": "10.5.0",
          "Microsoft.Extensions.FileSystemGlobbing": "10.0.6",
          "Microsoft.Extensions.VectorData.Abstractions": "10.7.0",
          "Microsoft.ML.Tokenizers": "2.0.0"
        }
      },
      "Microsoft.Agents.AI.Foundry": {
        "type": "CentralTransitive",
        "requested": "[1.5.0, )",
        "resolved": "1.5.0",
        "contentHash": "LhTqYBN0K4ubVQce0Dtau4czwuQelIXNenKjc5s8bhUQetcuwZrJVI396UwayIMI3mX0ao7KykBpQYOaURTusw==",
        "dependencies": {
          "Azure.AI.Projects": "2.0.0",
          "Azure.Core": "1.53.0",
          "Azure.Identity": "1.21.0",
          "Microsoft.Agents.AI": "1.5.0",
          "Microsoft.Bcl.AsyncInterfaces": "10.0.6",
          "Microsoft.Extensions.AI": "10.5.1",
          "Microsoft.Extensions.AI.Abstractions": "10.5.1",
          "Microsoft.Extensions.AI.Evaluation": "10.4.0",
          "Microsoft.Extensions.AI.OpenAI": "10.5.1",
          "Microsoft.Extensions.Compliance.Abstractions": "10.5.0",
          "Microsoft.Extensions.FileSystemGlobbing": "10.0.6",
          "Microsoft.Extensions.VectorData.Abstractions": "9.7.0",
          "Microsoft.Identity.Client.Extensions.Msal": "4.83.1",
          "Microsoft.ML.Tokenizers": "2.0.0",
          "OpenAI": "2.10.0",
          "System.ClientModel": "1.10.0"
        }
      },
      "Microsoft.Agents.AI.Workflows": {
        "type": "CentralTransitive",
        "requested": "[1.18.0, )",
        "resolved": "1.18.0",
        "contentHash": "Q0W4YY6JLTP024jwDYt3A7DDxfwoHij3SRg9CliAyxXeI+hST+5MirNEvykbLxo3Kw3DflT5y4rbUjHMeG3Z5g==",
        "dependencies": {
          "Microsoft.Agents.AI": "1.18.0",
          "Microsoft.Agents.AI.Abstractions": "1.18.0",
          "Microsoft.Extensions.AI": "10.7.0",
          "Microsoft.Extensions.AI.Abstractions": "10.7.0",
          "Microsoft.Extensions.AI.Evaluation": "10.7.0",
          "Microsoft.Extensions.Compliance.Abstractions": "10.5.0",
          "Microsoft.Extensions.FileSystemGlobbing": "10.0.6",
          "Microsoft.Extensions.VectorData.Abstractions": "10.7.0",
          "Microsoft.ML.Tokenizers": "2.0.0",
          "OpenTelemetry.Api": "1.15.3"
        }
      },
      "Microsoft.AspNetCore.OpenApi": {
        "type": "CentralTransitive",
        "requested": "[11.0.0-preview.7.26381.103, )",
        "resolved": "11.0.0-preview.7.26381.103",
        "contentHash": "HGdcrbFrXSsoLFiu8Uc6TcXVizFbemAfgXWvgcuSq5+1f+b0ZHGBHjYr9Ow8TGrntQwhbvTeXTcCwUg2ftC63Q==",
        "dependencies": {
          "Microsoft.AspNetCore.WebUtilities": "11.0.0-preview.7.26381.103",
          "Microsoft.Extensions.Hosting": "11.0.0-preview.7.26381.103",
          "Microsoft.OpenApi": "[3.9.0, 4.0.0)"
        }
      },
      "Microsoft.Azure.Cosmos": {
        "type": "CentralTransitive",
        "requested": "[3.62.1, )",
        "resolved": "3.62.1",
        "contentHash": "1jNOGwdtwHjk40zfxPv3dhwpqX7Ilex1PUuCPYDEMBAa3Y7HZS5GxoXbzGR+uxVJc4XKwFH9ZWkSLgswCgXlYQ==",
        "dependencies": {
          "Azure.Core": "1.44.1",
          "Microsoft.Bcl.AsyncInterfaces": "6.0.0",
          "Microsoft.Bcl.HashCode": "1.1.0",
          "System.Configuration.ConfigurationManager": "6.0.0"
        }
      },
      "Microsoft.Azure.SignalR": {
        "type": "CentralTransitive",
        "requested": "[1.33.1, )",
        "resolved": "1.33.1",
        "contentHash": "WdHXYYxR8Ed7EAivuK143oSQMAp3dDlql6pf7p5xwW/l5hxAM5IF9KlHE+SeHz0B5dg2jUnRNCYCAplVEcBHdg==",
        "dependencies": {
          "Azure.Identity": "1.11.4",
          "Microsoft.Azure.SignalR.Protocols": "1.33.1",
          "Microsoft.Extensions.Http": "2.1.0",
          "Newtonsoft.Json": "13.0.3"
        }
      },
      "Microsoft.Identity.Web": {
        "type": "CentralTransitive",
        "requested": "[4.14.2, )",
        "resolved": "4.14.2",
        "contentHash": "sfeKm6ooS5QVbUlk7QK48ci1KDD/DBR9tspBfeBhxRusrvQfX1K5c4UjNSX7tNmxSQ6oSJX+kCbjkhJgXxX8Xg==",
        "dependencies": {
          "Microsoft.Identity.Web.Certificate": "4.14.2",
          "Microsoft.Identity.Web.Certificateless": "4.14.2",
          "Microsoft.Identity.Web.TokenAcquisition": "4.14.2",
          "Microsoft.Identity.Web.TokenCache": "4.14.2",
          "Microsoft.IdentityModel.Protocols.OpenIdConnect": "8.22.0",
          "Microsoft.IdentityModel.Validators": "8.22.0",
          "System.IdentityModel.Tokens.Jwt": "8.22.0"
        }
      },
      "Microsoft.OpenApi": {
        "type": "CentralTransitive",
        "requested": "[3.10.0, )",
        "resolved": "3.10.0",
        "contentHash": "Iltx5vuQ+TWyuxsLNnLAaqm9RDdOtwWLgJtwH/XSKe/MkdpDQepqDi7it/4OM7JpLsHl1Ir65mm9vpAkbiNlow=="
      },
      "Newtonsoft.Json": {
        "type": "CentralTransitive",
        "requested": "[13.0.4, )",
        "resolved": "13.0.4",
        "contentHash": "pdgNNMai3zv51W5aq268sujXUyx7SNdE2bj1wZcWjAQrKMFZV260lbqYop1d2GM67JI1huLRwxo9ZqnfF/lC6A=="
      }
    }
  }
}